{
  "name": "my-rn-common-resource",
  "version": "1.0.1",
  "lockfileVersion": 1,
  "requires": true,
  "dependencies": {
    "my-rn-base-component": {
      "version": "git+https://gitlab.com/react-native-my-libs/my-rn-base-component.git#9c0bf44255d010d74cc07966bea1c5379707b165",
      "dev": true
    },
    "my-rn-base-utils": {
      "version": "git+https://gitlab.com/react-native-my-libs/my-rn-base-utils.git#34ef3bf626714371202e8b0ad09a4cb05546aec9",
      "dev": true
    },
    "my-rn-common-resource": {
      "version": "git+https://gitlab.com/react-native-my-libs/my-rn-common-resource.git#83e8635bfd4e3502a384e516c46f11ad29604c67",
      "dev": true
    },
    "react-native-login": {
      "version": "git+https://gitlab.com/react-native-my-libs/react-native-login.git#1a9eab6a7db6a951f2c6b566f5730162f80c2544",
      "dev": true
    }
  }
}
